// !$*UTF8*$!
{
	archiveVersion = 1;
	classes = {
	};
	objectVersion = 56;
	objects = {

/* Begin PBXBuildFile section */
		C33C7EE02977490000E80191 /* RecipeDetailsVC.swift in Sources */ = {isa = PBXBuildFile; fileRef = C33C7EDE2977490000E80191 /* RecipeDetailsVC.swift */; };
		C33C7EE12977490000E80191 /* RecipeDetailsVC.xib in Resources */ = {isa = PBXBuildFile; fileRef = C33C7EDF2977490000E80191 /* RecipeDetailsVC.xib */; };
		C33C7EE32977492F00E80191 /* RecipeDetailsPresenter.swift in Sources */ = {isa = PBXBuildFile; fileRef = C33C7EE22977492F00E80191 /* RecipeDetailsPresenter.swift */; };
		C33C7EEC297BB6E000E80191 /* IngredientsTableViewCell.swift in Sources */ = {isa = PBXBuildFile; fileRef = C33C7EEA297BB6E000E80191 /* IngredientsTableViewCell.swift */; };
		C33C7EED297BB6E000E80191 /* IngredientsTableViewCell.xib in Resources */ = {isa = PBXBuildFile; fileRef = C33C7EEB297BB6E000E80191 /* IngredientsTableViewCell.xib */; };
		C33C7EF92982D51200E80191 /* WebViewVC.swift in Sources */ = {isa = PBXBuildFile; fileRef = C33C7EF72982D51200E80191 /* WebViewVC.swift */; };
		C33C7EFA2982D51200E80191 /* WebViewVC.xib in Resources */ = {isa = PBXBuildFile; fileRef = C33C7EF82982D51200E80191 /* WebViewVC.xib */; };
		C37548B3296C71F3007166E4 /* AppDelegate.swift in Sources */ = {isa = PBXBuildFile; fileRef = C37548B2296C71F3007166E4 /* AppDelegate.swift */; };
		C37548B5296C71F3007166E4 /* SceneDelegate.swift in Sources */ = {isa = PBXBuildFile; fileRef = C37548B4296C71F3007166E4 /* SceneDelegate.swift */; };
		C37548BD296C71F3007166E4 /* My_Cooking_Project.xcdatamodeld in Sources */ = {isa = PBXBuildFile; fileRef = C37548BB296C71F3007166E4 /* My_Cooking_Project.xcdatamodeld */; };
		C37548BF296C71F4007166E4 /* Assets.xcassets in Resources */ = {isa = PBXBuildFile; fileRef = C37548BE296C71F4007166E4 /* Assets.xcassets */; };
		C37548C2296C71F4007166E4 /* LaunchScreen.storyboard in Resources */ = {isa = PBXBuildFile; fileRef = C37548C0296C71F4007166E4 /* LaunchScreen.storyboard */; };
		C37548D4296C8B26007166E4 /* Navigator.swift in Sources */ = {isa = PBXBuildFile; fileRef = C37548D3296C8B26007166E4 /* Navigator.swift */; };
		C37548D6296C8C2D007166E4 /* Assembler.swift in Sources */ = {isa = PBXBuildFile; fileRef = C37548D5296C8C2D007166E4 /* Assembler.swift */; };
		C37548D9296C8CD5007166E4 /* StartVC.swift in Sources */ = {isa = PBXBuildFile; fileRef = C37548D7296C8CD5007166E4 /* StartVC.swift */; };
		C37548DA296C8CD5007166E4 /* StartVC.xib in Resources */ = {isa = PBXBuildFile; fileRef = C37548D8296C8CD5007166E4 /* StartVC.xib */; };
		C37548DC296C918E007166E4 /* StartPresenter.swift in Sources */ = {isa = PBXBuildFile; fileRef = C37548DB296C918E007166E4 /* StartPresenter.swift */; };
		C37548DE296CD426007166E4 /* FlowController.swift in Sources */ = {isa = PBXBuildFile; fileRef = C37548DD296CD426007166E4 /* FlowController.swift */; };
		C37548E3296CD51E007166E4 /* CategoriesFoodVC.swift in Sources */ = {isa = PBXBuildFile; fileRef = C37548E1296CD51E007166E4 /* CategoriesFoodVC.swift */; };
		C37548E4296CD51E007166E4 /* CategoriesFoodVC.xib in Resources */ = {isa = PBXBuildFile; fileRef = C37548E2296CD51E007166E4 /* CategoriesFoodVC.xib */; };
		C37548E6296CD546007166E4 /* CategoriesFoodPresenter.swift in Sources */ = {isa = PBXBuildFile; fileRef = C37548E5296CD546007166E4 /* CategoriesFoodPresenter.swift */; };
		C37548E9296CD55A007166E4 /* ProfileVC.swift in Sources */ = {isa = PBXBuildFile; fileRef = C37548E7296CD55A007166E4 /* ProfileVC.swift */; };
		C37548EA296CD55A007166E4 /* ProfileVC.xib in Resources */ = {isa = PBXBuildFile; fileRef = C37548E8296CD55A007166E4 /* ProfileVC.xib */; };
		C37548EC296CD56A007166E4 /* ProfilePresenter.swift in Sources */ = {isa = PBXBuildFile; fileRef = C37548EB296CD56A007166E4 /* ProfilePresenter.swift */; };
		C37548EF296CD590007166E4 /* ListFoodVC.swift in Sources */ = {isa = PBXBuildFile; fileRef = C37548ED296CD590007166E4 /* ListFoodVC.swift */; };
		C37548F0296CD590007166E4 /* ListFoodVC.xib in Resources */ = {isa = PBXBuildFile; fileRef = C37548EE296CD590007166E4 /* ListFoodVC.xib */; };
		C37548F2296CD59D007166E4 /* ListFoodPresenter.swift in Sources */ = {isa = PBXBuildFile; fileRef = C37548F1296CD59C007166E4 /* ListFoodPresenter.swift */; };
		C37548F4296CE810007166E4 /* Model.swift in Sources */ = {isa = PBXBuildFile; fileRef = C37548F3296CE810007166E4 /* Model.swift */; };
		C3754907296E7733007166E4 /* Networking.swift in Sources */ = {isa = PBXBuildFile; fileRef = C3754906296E7733007166E4 /* Networking.swift */; };
		C3754909296E780B007166E4 /* RecipeType.swift in Sources */ = {isa = PBXBuildFile; fileRef = C3754908296E780B007166E4 /* RecipeType.swift */; };
		C375490B296E78F9007166E4 /* CoreDataStore.swift in Sources */ = {isa = PBXBuildFile; fileRef = C375490A296E78F9007166E4 /* CoreDataStore.swift */; };
		C375490F296E8784007166E4 /* CategoriesFoodCell.swift in Sources */ = {isa = PBXBuildFile; fileRef = C375490D296E8784007166E4 /* CategoriesFoodCell.swift */; };
		C3754910296E8784007166E4 /* CategoriesFoodCell.xib in Resources */ = {isa = PBXBuildFile; fileRef = C375490E296E8784007166E4 /* CategoriesFoodCell.xib */; };
		C3754913296E8F64007166E4 /* UIViewController + Child.swift in Sources */ = {isa = PBXBuildFile; fileRef = C3754912296E8F64007166E4 /* UIViewController + Child.swift */; };
		C375491729707454007166E4 /* ListFoodCell.swift in Sources */ = {isa = PBXBuildFile; fileRef = C375491529707454007166E4 /* ListFoodCell.swift */; };
		C375491829707454007166E4 /* ListFoodCell.xib in Resources */ = {isa = PBXBuildFile; fileRef = C375491629707454007166E4 /* ListFoodCell.xib */; };
		C375491A29707DB6007166E4 /* ImageView.swift in Sources */ = {isa = PBXBuildFile; fileRef = C375491929707DB6007166E4 /* ImageView.swift */; };
		C375491E2970842C007166E4 /* View+ActivityIndicator.swift in Sources */ = {isa = PBXBuildFile; fileRef = C375491D2970842C007166E4 /* View+ActivityIndicator.swift */; };
		C37DEB732973C3CE004D1206 /* ScreenType.swift in Sources */ = {isa = PBXBuildFile; fileRef = C37DEB722973C3CE004D1206 /* ScreenType.swift */; };
		C37DEB78297514AB004D1206 /* IngredientCD+CoreDataClass.swift in Sources */ = {isa = PBXBuildFile; fileRef = C37DEB74297514AB004D1206 /* IngredientCD+CoreDataClass.swift */; };
		C37DEB79297514AB004D1206 /* IngredientCD+CoreDataProperties.swift in Sources */ = {isa = PBXBuildFile; fileRef = C37DEB75297514AB004D1206 /* IngredientCD+CoreDataProperties.swift */; };
		C37DEB7A297514AB004D1206 /* LikedFoodCD+CoreDataClass.swift in Sources */ = {isa = PBXBuildFile; fileRef = C37DEB76297514AB004D1206 /* LikedFoodCD+CoreDataClass.swift */; };
		C37DEB7B297514AB004D1206 /* LikedFoodCD+CoreDataProperties.swift in Sources */ = {isa = PBXBuildFile; fileRef = C37DEB77297514AB004D1206 /* LikedFoodCD+CoreDataProperties.swift */; };
		C37DEB7D29751781004D1206 /* UINavBarAppearance.swift in Sources */ = {isa = PBXBuildFile; fileRef = C37DEB7C29751781004D1206 /* UINavBarAppearance.swift */; };
		C37DEB7F297517A8004D1206 /* TabBarAppearance.swift in Sources */ = {isa = PBXBuildFile; fileRef = C37DEB7E297517A8004D1206 /* TabBarAppearance.swift */; };
		C37DEB81297517F4004D1206 /* ButtonCustomColor.swift in Sources */ = {isa = PBXBuildFile; fileRef = C37DEB80297517F4004D1206 /* ButtonCustomColor.swift */; };
/* End PBXBuildFile section */

/* Begin PBXFileReference section */
		C33C7EDE2977490000E80191 /* RecipeDetailsVC.swift */ = {isa = PBXFileReference; lastKnownFileType = sourcecode.swift; path = RecipeDetailsVC.swift; sourceTree = "<group>"; };
		C33C7EDF2977490000E80191 /* RecipeDetailsVC.xib */ = {isa = PBXFileReference; lastKnownFileType = file.xib; path = RecipeDetailsVC.xib; sourceTree = "<group>"; };
		C33C7EE22977492F00E80191 /* RecipeDetailsPresenter.swift */ = {isa = PBXFileReference; lastKnownFileType = sourcecode.swift; path = RecipeDetailsPresenter.swift; sourceTree = "<group>"; };
		C33C7EEA297BB6E000E80191 /* IngredientsTableViewCell.swift */ = {isa = PBXFileReference; lastKnownFileType = sourcecode.swift; path = IngredientsTableViewCell.swift; sourceTree = "<group>"; };
		C33C7EEB297BB6E000E80191 /* IngredientsTableViewCell.xib */ = {isa = PBXFileReference; lastKnownFileType = file.xib; path = IngredientsTableViewCell.xib; sourceTree = "<group>"; };
		C33C7EF72982D51200E80191 /* WebViewVC.swift */ = {isa = PBXFileReference; lastKnownFileType = sourcecode.swift; path = WebViewVC.swift; sourceTree = "<group>"; };
		C33C7EF82982D51200E80191 /* WebViewVC.xib */ = {isa = PBXFileReference; lastKnownFileType = file.xib; path = WebViewVC.xib; sourceTree = "<group>"; };
		C37548AF296C71F3007166E4 /* My_Cooking_Project.app */ = {isa = PBXFileReference; explicitFileType = wrapper.application; includeInIndex = 0; path = My_Cooking_Project.app; sourceTree = BUILT_PRODUCTS_DIR; };
		C37548B2296C71F3007166E4 /* AppDelegate.swift */ = {isa = PBXFileReference; lastKnownFileType = sourcecode.swift; path = AppDelegate.swift; sourceTree = "<group>"; };
		C37548B4296C71F3007166E4 /* SceneDelegate.swift */ = {isa = PBXFileReference; lastKnownFileType = sourcecode.swift; path = SceneDelegate.swift; sourceTree = "<group>"; };
		C37548BC296C71F3007166E4 /* My_Cooking_Project.xcdatamodel */ = {isa = PBXFileReference; lastKnownFileType = wrapper.xcdatamodel; path = My_Cooking_Project.xcdatamodel; sourceTree = "<group>"; };
		C37548BE296C71F4007166E4 /* Assets.xcassets */ = {isa = PBXFileReference; lastKnownFileType = folder.assetcatalog; path = Assets.xcassets; sourceTree = "<group>"; };
		C37548C1296C71F4007166E4 /* Base */ = {isa = PBXFileReference; lastKnownFileType = file.storyboard; name = Base; path = Base.lproj/LaunchScreen.storyboard; sourceTree = "<group>"; };
		C37548C3296C71F4007166E4 /* Info.plist */ = {isa = PBXFileReference; lastKnownFileType = text.plist.xml; path = Info.plist; sourceTree = "<group>"; };
		C37548D3296C8B26007166E4 /* Navigator.swift */ = {isa = PBXFileReference; lastKnownFileType = sourcecode.swift; path = Navigator.swift; sourceTree = "<group>"; };
		C37548D5296C8C2D007166E4 /* Assembler.swift */ = {isa = PBXFileReference; lastKnownFileType = sourcecode.swift; path = Assembler.swift; sourceTree = "<group>"; };
		C37548D7296C8CD5007166E4 /* StartVC.swift */ = {isa = PBXFileReference; lastKnownFileType = sourcecode.swift; path = StartVC.swift; sourceTree = "<group>"; };
		C37548D8296C8CD5007166E4 /* StartVC.xib */ = {isa = PBXFileReference; lastKnownFileType = file.xib; path = StartVC.xib; sourceTree = "<group>"; };
		C37548DB296C918E007166E4 /* StartPresenter.swift */ = {isa = PBXFileReference; lastKnownFileType = sourcecode.swift; path = StartPresenter.swift; sourceTree = "<group>"; };
		C37548DD296CD426007166E4 /* FlowController.swift */ = {isa = PBXFileReference; lastKnownFileType = sourcecode.swift; path = FlowController.swift; sourceTree = "<group>"; };
		C37548E1296CD51E007166E4 /* CategoriesFoodVC.swift */ = {isa = PBXFileReference; lastKnownFileType = sourcecode.swift; path = CategoriesFoodVC.swift; sourceTree = "<group>"; };
		C37548E2296CD51E007166E4 /* CategoriesFoodVC.xib */ = {isa = PBXFileReference; lastKnownFileType = file.xib; path = CategoriesFoodVC.xib; sourceTree = "<group>"; };
		C37548E5296CD546007166E4 /* CategoriesFoodPresenter.swift */ = {isa = PBXFileReference; lastKnownFileType = sourcecode.swift; path = CategoriesFoodPresenter.swift; sourceTree = "<group>"; };
		C37548E7296CD55A007166E4 /* ProfileVC.swift */ = {isa = PBXFileReference; lastKnownFileType = sourcecode.swift; path = ProfileVC.swift; sourceTree = "<group>"; };
		C37548E8296CD55A007166E4 /* ProfileVC.xib */ = {isa = PBXFileReference; lastKnownFileType = file.xib; path = ProfileVC.xib; sourceTree = "<group>"; };
		C37548EB296CD56A007166E4 /* ProfilePresenter.swift */ = {isa = PBXFileReference; lastKnownFileType = sourcecode.swift; path = ProfilePresenter.swift; sourceTree = "<group>"; };
		C37548ED296CD590007166E4 /* ListFoodVC.swift */ = {isa = PBXFileReference; lastKnownFileType = sourcecode.swift; path = ListFoodVC.swift; sourceTree = "<group>"; };
		C37548EE296CD590007166E4 /* ListFoodVC.xib */ = {isa = PBXFileReference; lastKnownFileType = file.xib; path = ListFoodVC.xib; sourceTree = "<group>"; };
		C37548F1296CD59C007166E4 /* ListFoodPresenter.swift */ = {isa = PBXFileReference; lastKnownFileType = sourcecode.swift; path = ListFoodPresenter.swift; sourceTree = "<group>"; };
		C37548F3296CE810007166E4 /* Model.swift */ = {isa = PBXFileReference; lastKnownFileType = sourcecode.swift; path = Model.swift; sourceTree = "<group>"; };
		C3754906296E7733007166E4 /* Networking.swift */ = {isa = PBXFileReference; lastKnownFileType = sourcecode.swift; path = Networking.swift; sourceTree = "<group>"; };
		C3754908296E780B007166E4 /* RecipeType.swift */ = {isa = PBXFileReference; lastKnownFileType = sourcecode.swift; path = RecipeType.swift; sourceTree = "<group>"; };
		C375490A296E78F9007166E4 /* CoreDataStore.swift */ = {isa = PBXFileReference; lastKnownFileType = sourcecode.swift; path = CoreDataStore.swift; sourceTree = "<group>"; };
		C375490D296E8784007166E4 /* CategoriesFoodCell.swift */ = {isa = PBXFileReference; lastKnownFileType = sourcecode.swift; path = CategoriesFoodCell.swift; sourceTree = "<group>"; };
		C375490E296E8784007166E4 /* CategoriesFoodCell.xib */ = {isa = PBXFileReference; lastKnownFileType = file.xib; path = CategoriesFoodCell.xib; sourceTree = "<group>"; };
		C3754912296E8F64007166E4 /* UIViewController + Child.swift */ = {isa = PBXFileReference; lastKnownFileType = sourcecode.swift; path = "UIViewController + Child.swift"; sourceTree = "<group>"; };
		C375491529707454007166E4 /* ListFoodCell.swift */ = {isa = PBXFileReference; lastKnownFileType = sourcecode.swift; path = ListFoodCell.swift; sourceTree = "<group>"; };
		C375491629707454007166E4 /* ListFoodCell.xib */ = {isa = PBXFileReference; lastKnownFileType = file.xib; path = ListFoodCell.xib; sourceTree = "<group>"; };
		C375491929707DB6007166E4 /* ImageView.swift */ = {isa = PBXFileReference; lastKnownFileType = sourcecode.swift; path = ImageView.swift; sourceTree = "<group>"; };
		C375491D2970842C007166E4 /* View+ActivityIndicator.swift */ = {isa = PBXFileReference; lastKnownFileType = sourcecode.swift; path = "View+ActivityIndicator.swift"; sourceTree = "<group>"; };
		C37DEB722973C3CE004D1206 /* ScreenType.swift */ = {isa = PBXFileReference; lastKnownFileType = sourcecode.swift; path = ScreenType.swift; sourceTree = "<group>"; };
		C37DEB74297514AB004D1206 /* IngredientCD+CoreDataClass.swift */ = {isa = PBXFileReference; lastKnownFileType = sourcecode.swift; path = "IngredientCD+CoreDataClass.swift"; sourceTree = "<group>"; };
		C37DEB75297514AB004D1206 /* IngredientCD+CoreDataProperties.swift */ = {isa = PBXFileReference; lastKnownFileType = sourcecode.swift; path = "IngredientCD+CoreDataProperties.swift"; sourceTree = "<group>"; };
		C37DEB76297514AB004D1206 /* LikedFoodCD+CoreDataClass.swift */ = {isa = PBXFileReference; lastKnownFileType = sourcecode.swift; path = "LikedFoodCD+CoreDataClass.swift"; sourceTree = "<group>"; };
		C37DEB77297514AB004D1206 /* LikedFoodCD+CoreDataProperties.swift */ = {isa = PBXFileReference; lastKnownFileType = sourcecode.swift; path = "LikedFoodCD+CoreDataProperties.swift"; sourceTree = "<group>"; };
		C37DEB7C29751781004D1206 /* UINavBarAppearance.swift */ = {isa = PBXFileReference; lastKnownFileType = sourcecode.swift; path = UINavBarAppearance.swift; sourceTree = "<group>"; };
		C37DEB7E297517A8004D1206 /* TabBarAppearance.swift */ = {isa = PBXFileReference; lastKnownFileType = sourcecode.swift; path = TabBarAppearance.swift; sourceTree = "<group>"; };
		C37DEB80297517F4004D1206 /* ButtonCustomColor.swift */ = {isa = PBXFileReference; lastKnownFileType = sourcecode.swift; path = ButtonCustomColor.swift; sourceTree = "<group>"; };
/* End PBXFileReference section */

/* Begin PBXFrameworksBuildPhase section */
		C37548AC296C71F3007166E4 /* Frameworks */ = {
			isa = PBXFrameworksBuildPhase;
			buildActionMask = 2147483647;
			files = (
			);
			runOnlyForDeploymentPostprocessing = 0;
		};
/* End PBXFrameworksBuildPhase section */

/* Begin PBXGroup section */
		C33C7EDD297748CF00E80191 /* RecipeDetailsVC */ = {
			isa = PBXGroup;
			children = (
				C33C7EE9297BB6A100E80191 /* IngredientsTableViewCell */,
				C33C7EDE2977490000E80191 /* RecipeDetailsVC.swift */,
				C33C7EDF2977490000E80191 /* RecipeDetailsVC.xib */,
				C33C7EE22977492F00E80191 /* RecipeDetailsPresenter.swift */,
			);
			path = RecipeDetailsVC;
			sourceTree = "<group>";
		};
		C33C7EE9297BB6A100E80191 /* IngredientsTableViewCell */ = {
			isa = PBXGroup;
			children = (
				C33C7EEA297BB6E000E80191 /* IngredientsTableViewCell.swift */,
				C33C7EEB297BB6E000E80191 /* IngredientsTableViewCell.xib */,
			);
			path = IngredientsTableViewCell;
			sourceTree = "<group>";
		};
		C33C7EEE2982D47300E80191 /* WebView */ = {
			isa = PBXGroup;
			children = (
				C33C7EF72982D51200E80191 /* WebViewVC.swift */,
				C33C7EF82982D51200E80191 /* WebViewVC.xib */,
			);
			path = WebView;
			sourceTree = "<group>";
		};
		C37548A6296C71F3007166E4 = {
			isa = PBXGroup;
			children = (
				C37548B1296C71F3007166E4 /* My_Cooking_Project */,
				C37548B0296C71F3007166E4 /* Products */,
			);
			sourceTree = "<group>";
		};
		C37548B0296C71F3007166E4 /* Products */ = {
			isa = PBXGroup;
			children = (
				C37548AF296C71F3007166E4 /* My_Cooking_Project.app */,
			);
			name = Products;
			sourceTree = "<group>";
		};
		C37548B1296C71F3007166E4 /* My_Cooking_Project */ = {
			isa = PBXGroup;
			children = (
				C3754911296E8F56007166E4 /* Extensions */,
				C3754905296E7720007166E4 /* Networking */,
				C37548D2296C8B10007166E4 /* Navigator */,
				C37548D1296C795A007166E4 /* CoreDataStore */,
				C37548D0296C793B007166E4 /* Storyboard */,
				C37548CE296C780F007166E4 /* Support */,
				C37548CD296C7803007166E4 /* Model */,
				C37548CC296C77ED007166E4 /* Source */,
				C37548C9296C75F9007166E4 /* Screens */,
			);
			path = My_Cooking_Project;
			sourceTree = "<group>";
		};
		C37548C9296C75F9007166E4 /* Screens */ = {
			isa = PBXGroup;
			children = (
				C33C7EEE2982D47300E80191 /* WebView */,
				C33C7EDD297748CF00E80191 /* RecipeDetailsVC */,
				C37548E0296CD4DA007166E4 /* ListFoodVC */,
				C37548DF296CD4CE007166E4 /* ProfileVC */,
				C37548CB296C766E007166E4 /* CategoriesFoodVC */,
				C37548CA296C765A007166E4 /* StartVC */,
			);
			path = Screens;
			sourceTree = "<group>";
		};
		C37548CA296C765A007166E4 /* StartVC */ = {
			isa = PBXGroup;
			children = (
				C37548D7296C8CD5007166E4 /* StartVC.swift */,
				C37548D8296C8CD5007166E4 /* StartVC.xib */,
				C37548DB296C918E007166E4 /* StartPresenter.swift */,
			);
			path = StartVC;
			sourceTree = "<group>";
		};
		C37548CB296C766E007166E4 /* CategoriesFoodVC */ = {
			isa = PBXGroup;
			children = (
				C375490C296E8746007166E4 /* CategoriesFoodCell */,
				C37548E1296CD51E007166E4 /* CategoriesFoodVC.swift */,
				C37548E2296CD51E007166E4 /* CategoriesFoodVC.xib */,
				C37548E5296CD546007166E4 /* CategoriesFoodPresenter.swift */,
			);
			path = CategoriesFoodVC;
			sourceTree = "<group>";
		};
		C37548CC296C77ED007166E4 /* Source */ = {
			isa = PBXGroup;
			children = (
				C37548BE296C71F4007166E4 /* Assets.xcassets */,
			);
			path = Source;
			sourceTree = "<group>";
		};
		C37548CD296C7803007166E4 /* Model */ = {
			isa = PBXGroup;
			children = (
				C37548F3296CE810007166E4 /* Model.swift */,
				C3754908296E780B007166E4 /* RecipeType.swift */,
				C37DEB722973C3CE004D1206 /* ScreenType.swift */,
			);
			path = Model;
			sourceTree = "<group>";
		};
		C37548CE296C780F007166E4 /* Support */ = {
			isa = PBXGroup;
			children = (
				C37548B2296C71F3007166E4 /* AppDelegate.swift */,
				C37548B4296C71F3007166E4 /* SceneDelegate.swift */,
				C37548C3296C71F4007166E4 /* Info.plist */,
			);
			path = Support;
			sourceTree = "<group>";
		};
		C37548D0296C793B007166E4 /* Storyboard */ = {
			isa = PBXGroup;
			children = (
				C37548C0296C71F4007166E4 /* LaunchScreen.storyboard */,
			);
			path = Storyboard;
			sourceTree = "<group>";
		};
		C37548D1296C795A007166E4 /* CoreDataStore */ = {
			isa = PBXGroup;
			children = (
				C37DEB74297514AB004D1206 /* IngredientCD+CoreDataClass.swift */,
				C37DEB75297514AB004D1206 /* IngredientCD+CoreDataProperties.swift */,
				C37DEB76297514AB004D1206 /* LikedFoodCD+CoreDataClass.swift */,
				C37DEB77297514AB004D1206 /* LikedFoodCD+CoreDataProperties.swift */,
				C37548BB296C71F3007166E4 /* My_Cooking_Project.xcdatamodeld */,
			);
			path = CoreDataStore;
			sourceTree = "<group>";
		};
		C37548D2296C8B10007166E4 /* Navigator */ = {
			isa = PBXGroup;
			children = (
				C37548D3296C8B26007166E4 /* Navigator.swift */,
				C37548D5296C8C2D007166E4 /* Assembler.swift */,
				C37548DD296CD426007166E4 /* FlowController.swift */,
			);
			path = Navigator;
			sourceTree = "<group>";
		};
		C37548DF296CD4CE007166E4 /* ProfileVC */ = {
			isa = PBXGroup;
			children = (
				C37548E7296CD55A007166E4 /* ProfileVC.swift */,
				C37548E8296CD55A007166E4 /* ProfileVC.xib */,
				C37548EB296CD56A007166E4 /* ProfilePresenter.swift */,
			);
			path = ProfileVC;
			sourceTree = "<group>";
		};
		C37548E0296CD4DA007166E4 /* ListFoodVC */ = {
			isa = PBXGroup;
			children = (
				C375491429707416007166E4 /* ListFoodCell */,
				C37548ED296CD590007166E4 /* ListFoodVC.swift */,
				C37548EE296CD590007166E4 /* ListFoodVC.xib */,
				C37548F1296CD59C007166E4 /* ListFoodPresenter.swift */,
			);
			path = ListFoodVC;
			sourceTree = "<group>";
		};
		C3754905296E7720007166E4 /* Networking */ = {
			isa = PBXGroup;
			children = (
				C3754906296E7733007166E4 /* Networking.swift */,
				C375490A296E78F9007166E4 /* CoreDataStore.swift */,
				C375491929707DB6007166E4 /* ImageView.swift */,
			);
			path = Networking;
			sourceTree = "<group>";
		};
		C375490C296E8746007166E4 /* CategoriesFoodCell */ = {
			isa = PBXGroup;
			children = (
				C375490D296E8784007166E4 /* CategoriesFoodCell.swift */,
				C375490E296E8784007166E4 /* CategoriesFoodCell.xib */,
			);
			path = CategoriesFoodCell;
			sourceTree = "<group>";
		};
		C3754911296E8F56007166E4 /* Extensions */ = {
			isa = PBXGroup;
			children = (
				C3754912296E8F64007166E4 /* UIViewController + Child.swift */,
				C375491D2970842C007166E4 /* View+ActivityIndicator.swift */,
				C37DEB7C29751781004D1206 /* UINavBarAppearance.swift */,
				C37DEB7E297517A8004D1206 /* TabBarAppearance.swift */,
				C37DEB80297517F4004D1206 /* ButtonCustomColor.swift */,
			);
			path = Extensions;
			sourceTree = "<group>";
		};
		C375491429707416007166E4 /* ListFoodCell */ = {
			isa = PBXGroup;
			children = (
				C375491529707454007166E4 /* ListFoodCell.swift */,
				C375491629707454007166E4 /* ListFoodCell.xib */,
			);
			path = ListFoodCell;
			sourceTree = "<group>";
		};
/* End PBXGroup section */

/* Begin PBXNativeTarget section */
		C37548AE296C71F3007166E4 /* My_Cooking_Project */ = {
			isa = PBXNativeTarget;
			buildConfigurationList = C37548C6296C71F4007166E4 /* Build configuration list for PBXNativeTarget "My_Cooking_Project" */;
			buildPhases = (
				C37548AB296C71F3007166E4 /* Sources */,
				C37548AC296C71F3007166E4 /* Frameworks */,
				C37548AD296C71F3007166E4 /* Resources */,
			);
			buildRules = (
			);
			dependencies = (
			);
			name = My_Cooking_Project;
			productName = My_Cooking_Project;
			productReference = C37548AF296C71F3007166E4 /* My_Cooking_Project.app */;
			productType = "com.apple.product-type.application";
		};
/* End PBXNativeTarget section */

/* Begin PBXProject section */
		C37548A7296C71F3007166E4 /* Project object */ = {
			isa = PBXProject;
			attributes = {
				BuildIndependentTargetsInParallel = 1;
				LastSwiftUpdateCheck = 1420;
				LastUpgradeCheck = 1420;
				TargetAttributes = {
					C37548AE296C71F3007166E4 = {
						CreatedOnToolsVersion = 14.2;
					};
				};
			};
			buildConfigurationList = C37548AA296C71F3007166E4 /* Build configuration list for PBXProject "My_Cooking_Project" */;
			compatibilityVersion = "Xcode 14.0";
			developmentRegion = en;
			hasScannedForEncodings = 0;
			knownRegions = (
				en,
				Base,
			);
			mainGroup = C37548A6296C71F3007166E4;
			productRefGroup = C37548B0296C71F3007166E4 /* Products */;
			projectDirPath = "";
			projectRoot = "";
			targets = (
				C37548AE296C71F3007166E4 /* My_Cooking_Project */,
			);
		};
/* End PBXProject section */

/* Begin PBXResourcesBuildPhase section */
		C37548AD296C71F3007166E4 /* Resources */ = {
			isa = PBXResourcesBuildPhase;
			buildActionMask = 2147483647;
			files = (
				C33C7EED297BB6E000E80191 /* IngredientsTableViewCell.xib in Resources */,
				C33C7EFA2982D51200E80191 /* WebViewVC.xib in Resources */,
				C37548E4296CD51E007166E4 /* CategoriesFoodVC.xib in Resources */,
				C33C7EE12977490000E80191 /* RecipeDetailsVC.xib in Resources */,
				C37548C2296C71F4007166E4 /* LaunchScreen.storyboard in Resources */,
				C37548DA296C8CD5007166E4 /* StartVC.xib in Resources */,
				C3754910296E8784007166E4 /* CategoriesFoodCell.xib in Resources */,
				C37548BF296C71F4007166E4 /* Assets.xcassets in Resources */,
				C375491829707454007166E4 /* ListFoodCell.xib in Resources */,
				C37548F0296CD590007166E4 /* ListFoodVC.xib in Resources */,
				C37548EA296CD55A007166E4 /* ProfileVC.xib in Resources */,
			);
			runOnlyForDeploymentPostprocessing = 0;
		};
/* End PBXResourcesBuildPhase section */

/* Begin PBXSourcesBuildPhase section */
		C37548AB296C71F3007166E4 /* Sources */ = {
			isa = PBXSourcesBuildPhase;
			buildActionMask = 2147483647;
			files = (
				C375490B296E78F9007166E4 /* CoreDataStore.swift in Sources */,
				C33C7EE32977492F00E80191 /* RecipeDetailsPresenter.swift in Sources */,
				C37548F4296CE810007166E4 /* Model.swift in Sources */,
				C37548EF296CD590007166E4 /* ListFoodVC.swift in Sources */,
				C375491E2970842C007166E4 /* View+ActivityIndicator.swift in Sources */,
				C37548E3296CD51E007166E4 /* CategoriesFoodVC.swift in Sources */,
				C375491A29707DB6007166E4 /* ImageView.swift in Sources */,
				C3754907296E7733007166E4 /* Networking.swift in Sources */,
				C33C7EE02977490000E80191 /* RecipeDetailsVC.swift in Sources */,
				C3754913296E8F64007166E4 /* UIViewController + Child.swift in Sources */,
				C3754909296E780B007166E4 /* RecipeType.swift in Sources */,
				C37548BD296C71F3007166E4 /* My_Cooking_Project.xcdatamodeld in Sources */,
				C37548EC296CD56A007166E4 /* ProfilePresenter.swift in Sources */,
				C37548D4296C8B26007166E4 /* Navigator.swift in Sources */,
				C37548D6296C8C2D007166E4 /* Assembler.swift in Sources */,
				C37DEB732973C3CE004D1206 /* ScreenType.swift in Sources */,
				C37548E6296CD546007166E4 /* CategoriesFoodPresenter.swift in Sources */,
				C33C7EF92982D51200E80191 /* WebViewVC.swift in Sources */,
				C37DEB7F297517A8004D1206 /* TabBarAppearance.swift in Sources */,
				C37DEB79297514AB004D1206 /* IngredientCD+CoreDataProperties.swift in Sources */,
				C37DEB81297517F4004D1206 /* ButtonCustomColor.swift in Sources */,
				C375490F296E8784007166E4 /* CategoriesFoodCell.swift in Sources */,
				C37548DE296CD426007166E4 /* FlowController.swift in Sources */,
				C37DEB7A297514AB004D1206 /* LikedFoodCD+CoreDataClass.swift in Sources */,
				C375491729707454007166E4 /* ListFoodCell.swift in Sources */,
				C37548F2296CD59D007166E4 /* ListFoodPresenter.swift in Sources */,
				C37548DC296C918E007166E4 /* StartPresenter.swift in Sources */,
				C37548B3296C71F3007166E4 /* AppDelegate.swift in Sources */,
				C37548B5296C71F3007166E4 /* SceneDelegate.swift in Sources */,
				C37548E9296CD55A007166E4 /* ProfileVC.swift in Sources */,
				C37DEB7D29751781004D1206 /* UINavBarAppearance.swift in Sources */,
				C37548D9296C8CD5007166E4 /* StartVC.swift in Sources */,
				C37DEB7B297514AB004D1206 /* LikedFoodCD+CoreDataProperties.swift in Sources */,
				C33C7EEC297BB6E000E80191 /* IngredientsTableViewCell.swift in Sources */,
				C37DEB78297514AB004D1206 /* IngredientCD+CoreDataClass.swift in Sources */,
			);
			runOnlyForDeploymentPostprocessing = 0;
		};
/* End PBXSourcesBuildPhase section */

/* Begin PBXVariantGroup section */
		C37548C0296C71F4007166E4 /* LaunchScreen.storyboard */ = {
			isa = PBXVariantGroup;
			children = (
				C37548C1296C71F4007166E4 /* Base */,
			);
			name = LaunchScreen.storyboard;
			sourceTree = "<group>";
		};
/* End PBXVariantGroup section */

/* Begin XCBuildConfiguration section */
		C37548C4296C71F4007166E4 /* Debug */ = {
			isa = XCBuildConfiguration;
			buildSettings = {
				ALWAYS_SEARCH_USER_PATHS = NO;
				CLANG_ANALYZER_NONNULL = YES;
				CLANG_ANALYZER_NUMBER_OBJECT_CONVERSION = YES_AGGRESSIVE;
				CLANG_CXX_LANGUAGE_STANDARD = "gnu++20";
				CLANG_ENABLE_MODULES = YES;
				CLANG_ENABLE_OBJC_ARC = YES;
				CLANG_ENABLE_OBJC_WEAK = YES;
				CLANG_WARN_BLOCK_CAPTURE_AUTORELEASING = YES;
				CLANG_WARN_BOOL_CONVERSION = YES;
				CLANG_WARN_COMMA = YES;
				CLANG_WARN_CONSTANT_CONVERSION = YES;
				CLANG_WARN_DEPRECATED_OBJC_IMPLEMENTATIONS = YES;
				CLANG_WARN_DIRECT_OBJC_ISA_USAGE = YES_ERROR;
				CLANG_WARN_DOCUMENTATION_COMMENTS = YES;
				CLANG_WARN_EMPTY_BODY = YES;
				CLANG_WARN_ENUM_CONVERSION = YES;
				CLANG_WARN_INFINITE_RECURSION = YES;
				CLANG_WARN_INT_CONVERSION = YES;
				CLANG_WARN_NON_LITERAL_NULL_CONVERSION = YES;
				CLANG_WARN_OBJC_IMPLICIT_RETAIN_SELF = YES;
				CLANG_WARN_OBJC_LITERAL_CONVERSION = YES;
				CLANG_WARN_OBJC_ROOT_CLASS = YES_ERROR;
				CLANG_WARN_QUOTED_INCLUDE_IN_FRAMEWORK_HEADER = YES;
				CLANG_WARN_RANGE_LOOP_ANALYSIS = YES;
				CLANG_WARN_STRICT_PROTOTYPES = YES;
				CLANG_WARN_SUSPICIOUS_MOVE = YES;
				CLANG_WARN_UNGUARDED_AVAILABILITY = YES_AGGRESSIVE;
				CLANG_WARN_UNREACHABLE_CODE = YES;
				CLANG_WARN__DUPLICATE_METHOD_MATCH = YES;
				COPY_PHASE_STRIP = NO;
				DEBUG_INFORMATION_FORMAT = dwarf;
				ENABLE_STRICT_OBJC_MSGSEND = YES;
				ENABLE_TESTABILITY = YES;
				GCC_C_LANGUAGE_STANDARD = gnu11;
				GCC_DYNAMIC_NO_PIC = NO;
				GCC_NO_COMMON_BLOCKS = YES;
				GCC_OPTIMIZATION_LEVEL = 0;
				GCC_PREPROCESSOR_DEFINITIONS = (
					"DEBUG=1",
					"$(inherited)",
				);
				GCC_WARN_64_TO_32_BIT_CONVERSION = YES;
				GCC_WARN_ABOUT_RETURN_TYPE = YES_ERROR;
				GCC_WARN_UNDECLARED_SELECTOR = YES;
				GCC_WARN_UNINITIALIZED_AUTOS = YES_AGGRESSIVE;
				GCC_WARN_UNUSED_FUNCTION = YES;
				GCC_WARN_UNUSED_VARIABLE = YES;
				IPHONEOS_DEPLOYMENT_TARGET = 16.2;
				MTL_ENABLE_DEBUG_INFO = INCLUDE_SOURCE;
				MTL_FAST_MATH = YES;
				ONLY_ACTIVE_ARCH = YES;
				SDKROOT = iphoneos;
				SWIFT_ACTIVE_COMPILATION_CONDITIONS = DEBUG;
				SWIFT_OPTIMIZATION_LEVEL = "-Onone";
			};
			name = Debug;
		};
		C37548C5296C71F4007166E4 /* Release */ = {
			isa = XCBuildConfiguration;
			buildSettings = {
				ALWAYS_SEARCH_USER_PATHS = NO;
				CLANG_ANALYZER_NONNULL = YES;
				CLANG_ANALYZER_NUMBER_OBJECT_CONVERSION = YES_AGGRESSIVE;
				CLANG_CXX_LANGUAGE_STANDARD = "gnu++20";
				CLANG_ENABLE_MODULES = YES;
				CLANG_ENABLE_OBJC_ARC = YES;
				CLANG_ENABLE_OBJC_WEAK = YES;
				CLANG_WARN_BLOCK_CAPTURE_AUTORELEASING = YES;
				CLANG_WARN_BOOL_CONVERSION = YES;
				CLANG_WARN_COMMA = YES;
				CLANG_WARN_CONSTANT_CONVERSION = YES;
				CLANG_WARN_DEPRECATED_OBJC_IMPLEMENTATIONS = YES;
				CLANG_WARN_DIRECT_OBJC_ISA_USAGE = YES_ERROR;
				CLANG_WARN_DOCUMENTATION_COMMENTS = YES;
				CLANG_WARN_EMPTY_BODY = YES;
				CLANG_WARN_ENUM_CONVERSION = YES;
				CLANG_WARN_INFINITE_RECURSION = YES;
				CLANG_WARN_INT_CONVERSION = YES;
				CLANG_WARN_NON_LITERAL_NULL_CONVERSION = YES;
				CLANG_WARN_OBJC_IMPLICIT_RETAIN_SELF = YES;
				CLANG_WARN_OBJC_LITERAL_CONVERSION = YES;
				CLANG_WARN_OBJC_ROOT_CLASS = YES_ERROR;
				CLANG_WARN_QUOTED_INCLUDE_IN_FRAMEWORK_HEADER = YES;
				CLANG_WARN_RANGE_LOOP_ANALYSIS = YES;
				CLANG_WARN_STRICT_PROTOTYPES = YES;
				CLANG_WARN_SUSPICIOUS_MOVE = YES;
				CLANG_WARN_UNGUARDED_AVAILABILITY = YES_AGGRESSIVE;
				CLANG_WARN_UNREACHABLE_CODE = YES;
				CLANG_WARN__DUPLICATE_METHOD_MATCH = YES;
				COPY_PHASE_STRIP = NO;
				DEBUG_INFORMATION_FORMAT = "dwarf-with-dsym";
				ENABLE_NS_ASSERTIONS = NO;
				ENABLE_STRICT_OBJC_MSGSEND = YES;
				GCC_C_LANGUAGE_STANDARD = gnu11;
				GCC_NO_COMMON_BLOCKS = YES;
				GCC_WARN_64_TO_32_BIT_CONVERSION = YES;
				GCC_WARN_ABOUT_RETURN_TYPE = YES_ERROR;
				GCC_WARN_UNDECLARED_SELECTOR = YES;
				GCC_WARN_UNINITIALIZED_AUTOS = YES_AGGRESSIVE;
				GCC_WARN_UNUSED_FUNCTION = YES;
				GCC_WARN_UNUSED_VARIABLE = YES;
				IPHONEOS_DEPLOYMENT_TARGET = 16.2;
				MTL_ENABLE_DEBUG_INFO = NO;
				MTL_FAST_MATH = YES;
				SDKROOT = iphoneos;
				SWIFT_COMPILATION_MODE = wholemodule;
				SWIFT_OPTIMIZATION_LEVEL = "-O";
				VALIDATE_PRODUCT = YES;
			};
			name = Release;
		};
		C37548C7296C71F4007166E4 /* Debug */ = {
			isa = XCBuildConfiguration;
			buildSettings = {
				ASSETCATALOG_COMPILER_APPICON_NAME = AppIcon;
				ASSETCATALOG_COMPILER_GLOBAL_ACCENT_COLOR_NAME = AccentColor;
				CODE_SIGN_STYLE = Automatic;
				CURRENT_PROJECT_VERSION = 1;
				DEVELOPMENT_TEAM = U2226ARBD7;
				GENERATE_INFOPLIST_FILE = YES;
				INFOPLIST_FILE = My_Cooking_Project/Support/Info.plist;
				INFOPLIST_KEY_UIApplicationSupportsIndirectInputEvents = YES;
				INFOPLIST_KEY_UILaunchStoryboardName = LaunchScreen;
				INFOPLIST_KEY_UISupportedInterfaceOrientations_iPad = "UIInterfaceOrientationPortrait UIInterfaceOrientationPortraitUpsideDown UIInterfaceOrientationLandscapeLeft UIInterfaceOrientationLandscapeRight";
				INFOPLIST_KEY_UISupportedInterfaceOrientations_iPhone = "UIInterfaceOrientationPortrait UIInterfaceOrientationLandscapeLeft UIInterfaceOrientationLandscapeRight";
				LD_RUNPATH_SEARCH_PATHS = (
					"$(inherited)",
					"@executable_path/Frameworks",
				);
				MARKETING_VERSION = 1.0;
				PRODUCT_BUNDLE_IDENTIFIER = "HomeWorkApp1.My-Cooking-Project";
				PRODUCT_NAME = "$(TARGET_NAME)";
				SUPPORTED_PLATFORMS = "iphoneos iphonesimulator";
				SUPPORTS_MACCATALYST = NO;
				SUPPORTS_MAC_DESIGNED_FOR_IPHONE_IPAD = NO;
				SWIFT_EMIT_LOC_STRINGS = YES;
				SWIFT_VERSION = 5.0;
				TARGETED_DEVICE_FAMILY = "1,2";
			};
			name = Debug;
		};
		C37548C8296C71F4007166E4 /* Release */ = {
			isa = XCBuildConfiguration;
			buildSettings = {
				ASSETCATALOG_COMPILER_APPICON_NAME = AppIcon;
				ASSETCATALOG_COMPILER_GLOBAL_ACCENT_COLOR_NAME = AccentColor;
				CODE_SIGN_STYLE = Automatic;
				CURRENT_PROJECT_VERSION = 1;
				DEVELOPMENT_TEAM = U2226ARBD7;
				GENERATE_INFOPLIST_FILE = YES;
				INFOPLIST_FILE = My_Cooking_Project/Support/Info.plist;
				INFOPLIST_KEY_UIApplicationSupportsIndirectInputEvents = YES;
				INFOPLIST_KEY_UILaunchStoryboardName = LaunchScreen;
				INFOPLIST_KEY_UISupportedInterfaceOrientations_iPad = "UIInterfaceOrientationPortrait UIInterfaceOrientationPortraitUpsideDown UIInterfaceOrientationLandscapeLeft UIInterfaceOrientationLandscapeRight";
				INFOPLIST_KEY_UISupportedInterfaceOrientations_iPhone = "UIInterfaceOrientationPortrait UIInterfaceOrientationLandscapeLeft UIInterfaceOrientationLandscapeRight";
				LD_RUNPATH_SEARCH_PATHS = (
					"$(inherited)",
					"@executable_path/Frameworks",
				);
				MARKETING_VERSION = 1.0;
				PRODUCT_BUNDLE_IDENTIFIER = "HomeWorkApp1.My-Cooking-Project";
				PRODUCT_NAME = "$(TARGET_NAME)";
				SUPPORTED_PLATFORMS = "iphoneos iphonesimulator";
				SUPPORTS_MACCATALYST = NO;
				SUPPORTS_MAC_DESIGNED_FOR_IPHONE_IPAD = NO;
				SWIFT_EMIT_LOC_STRINGS = YES;
				SWIFT_VERSION = 5.0;
				TARGETED_DEVICE_FAMILY = "1,2";
			};
			name = Release;
		};
/* End XCBuildConfiguration section */

/* Begin XCConfigurationList section */
		C37548AA296C71F3007166E4 /* Build configuration list for PBXProject "My_Cooking_Project" */ = {
			isa = XCConfigurationList;
			buildConfigurations = (
				C37548C4296C71F4007166E4 /* Debug */,
				C37548C5296C71F4007166E4 /* Release */,
			);
			defaultConfigurationIsVisible = 0;
			defaultConfigurationName = Release;
		};
		C37548C6296C71F4007166E4 /* Build configuration list for PBXNativeTarget "My_Cooking_Project" */ = {
			isa = XCConfigurationList;
			buildConfigurations = (
				C37548C7296C71F4007166E4 /* Debug */,
				C37548C8296C71F4007166E4 /* Release */,
			);
			defaultConfigurationIsVisible = 0;
			defaultConfigurationName = Release;
		};
/* End XCConfigurationList section */

/* Begin XCVersionGroup section */
		C37548BB296C71F3007166E4 /* My_Cooking_Project.xcdatamodeld */ = {
			isa = XCVersionGroup;
			children = (
				C37548BC296C71F3007166E4 /* My_Cooking_Project.xcdatamodel */,
			);
			currentVersion = C37548BC296C71F3007166E4 /* My_Cooking_Project.xcdatamodel */;
			path = My_Cooking_Project.xcdatamodeld;
			sourceTree = "<group>";
			versionGroupType = wrapper.xcdatamodel;
		};
/* End XCVersionGroup section */
	};
	rootObject = C37548A7296C71F3007166E4 /* Project object */;
}
